
Microsoft Visual Studio Solution File, Format Version 12.00
# Visual Studio Version 16
VisualStudioVersion = 16.0.29009.5
MinimumVisualStudioVersion = 10.0.40219.1
Project("{FAE04EC0-301F-11D3-BF4B-00C04F79EFBC}") = "Forms.UWP", "Forms\Forms.UWP\Forms.UWP.csproj", "{34A032E5-293A-4125-8628-E144435169BC}"
EndProject
Project("{FAE04EC0-301F-11D3-BF4B-00C04F79EFBC}") = "Forms.Android", "Forms\Forms.Android\Forms.Android.csproj", "{F057710D-D24D-4FD5-A0ED-1BA13FB17DB4}"
EndProject
Project("{FAE04EC0-301F-11D3-BF4B-00C04F79EFBC}") = "Forms.iOS", "Forms\Forms.iOS\Forms.iOS.csproj", "{D0812409-A33A-4177-B65B-1AB536F63A55}"
EndProject
Project("{9A19103F-16F7-4668-BE54-9A1E7A4F7556}") = "Forms", "Forms\Forms\Forms.csproj", "{432E8CFB-09B3-4352-986E-FA21CE7B47B2}"
EndProject
Project("{FAE04EC0-301F-11D3-BF4B-00C04F79EFBC}") = "DexMakerBinding", "DexMakerBinding\DexMakerBinding.csproj", "{BF09FFD1-4DC6-49F2-8E8E-27C76A1FC19C}"
EndProject
Global
	GlobalSection(SolutionConfigurationPlatforms) = preSolution
		Debug|Any CPU = Debug|Any CPU
		Debug|ARM = Debug|ARM
		Debug|iPhone = Debug|iPhone
		Debug|iPhoneSimulator = Debug|iPhoneSimulator
		Debug|x64 = Debug|x64
		Debug|x86 = Debug|x86
		Release|Any CPU = Release|Any CPU
		Release|ARM = Release|ARM
		Release|iPhone = Release|iPhone
		Release|iPhoneSimulator = Release|iPhoneSimulator
		Release|x64 = Release|x64
		Release|x86 = Release|x86
	EndGlobalSection
	GlobalSection(ProjectConfigurationPlatforms) = postSolution
		{34A032E5-293A-4125-8628-E144435169BC}.Debug|Any CPU.ActiveCfg = Debug|x86
		{34A032E5-293A-4125-8628-E144435169BC}.Debug|Any CPU.Build.0 = Debug|x86
		{34A032E5-293A-4125-8628-E144435169BC}.Debug|Any CPU.Deploy.0 = Debug|x86
		{34A032E5-293A-4125-8628-E144435169BC}.Debug|ARM.ActiveCfg = Debug|ARM
		{34A032E5-293A-4125-8628-E144435169BC}.Debug|ARM.Build.0 = Debug|ARM
		{34A032E5-293A-4125-8628-E144435169BC}.Debug|ARM.Deploy.0 = Debug|ARM
		{34A032E5-293A-4125-8628-E144435169BC}.Debug|iPhone.ActiveCfg = Debug|x86
		{34A032E5-293A-4125-8628-E144435169BC}.Debug|iPhone.Build.0 = Debug|x86
		{34A032E5-293A-4125-8628-E144435169BC}.Debug|iPhone.Deploy.0 = Debug|x86
		{34A032E5-293A-4125-8628-E144435169BC}.Debug|iPhoneSimulator.ActiveCfg = Debug|x86
		{34A032E5-293A-4125-8628-E144435169BC}.Debug|iPhoneSimulator.Build.0 = Debug|x86
		{34A032E5-293A-4125-8628-E144435169BC}.Debug|iPhoneSimulator.Deploy.0 = Debug|x86
		{34A032E5-293A-4125-8628-E144435169BC}.Debug|x64.ActiveCfg = Debug|x64
		{34A032E5-293A-4125-8628-E144435169BC}.Debug|x64.Build.0 = Debug|x64
		{34A032E5-293A-4125-8628-E144435169BC}.Debug|x64.Deploy.0 = Debug|x64
		{34A032E5-293A-4125-8628-E144435169BC}.Debug|x86.ActiveCfg = Debug|x86
		{34A032E5-293A-4125-8628-E144435169BC}.Debug|x86.Build.0 = Debug|x86
		{34A032E5-293A-4125-8628-E144435169BC}.Debug|x86.Deploy.0 = Debug|x86
		{34A032E5-293A-4125-8628-E144435169BC}.Release|Any CPU.ActiveCfg = Release|x86
		{34A032E5-293A-4125-8628-E144435169BC}.Release|Any CPU.Build.0 = Release|x86
		{34A032E5-293A-4125-8628-E144435169BC}.Release|Any CPU.Deploy.0 = Release|x86
		{34A032E5-293A-4125-8628-E144435169BC}.Release|ARM.ActiveCfg = Release|ARM
		{34A032E5-293A-4125-8628-E144435169BC}.Release|ARM.Build.0 = Release|ARM
		{34A032E5-293A-4125-8628-E144435169BC}.Release|ARM.Deploy.0 = Release|ARM
		{34A032E5-293A-4125-8628-E144435169BC}.Release|iPhone.ActiveCfg = Release|x86
		{34A032E5-293A-4125-8628-E144435169BC}.Release|iPhone.Build.0 = Release|x86
		{34A032E5-293A-4125-8628-E144435169BC}.Release|iPhone.Deploy.0 = Release|x86
		{34A032E5-293A-4125-8628-E144435169BC}.Release|iPhoneSimulator.ActiveCfg = Release|x86
		{34A032E5-293A-4125-8628-E144435169BC}.Release|iPhoneSimulator.Build.0 = Release|x86
		{34A032E5-293A-4125-8628-E144435169BC}.Release|iPhoneSimulator.Deploy.0 = Release|x86
		{34A032E5-293A-4125-8628-E144435169BC}.Release|x64.ActiveCfg = Release|x64
		{34A032E5-293A-4125-8628-E144435169BC}.Release|x64.Build.0 = Release|x64
		{34A032E5-293A-4125-8628-E144435169BC}.Release|x64.Deploy.0 = Release|x64
		{34A032E5-293A-4125-8628-E144435169BC}.Release|x86.ActiveCfg = Release|x86
		{34A032E5-293A-4125-8628-E144435169BC}.Release|x86.Build.0 = Release|x86
		{34A032E5-293A-4125-8628-E144435169BC}.Release|x86.Deploy.0 = Release|x86
		{F057710D-D24D-4FD5-A0ED-1BA13FB17DB4}.Debug|Any CPU.ActiveCfg = Debug|Any CPU
		{F057710D-D24D-4FD5-A0ED-1BA13FB17DB4}.Debug|Any CPU.Build.0 = Debug|Any CPU
		{F057710D-D24D-4FD5-A0ED-1BA13FB17DB4}.Debug|Any CPU.Deploy.0 = Debug|Any CPU
		{F057710D-D24D-4FD5-A0ED-1BA13FB17DB4}.Debug|ARM.ActiveCfg = Debug|Any CPU
		{F057710D-D24D-4FD5-A0ED-1BA13FB17DB4}.Debug|ARM.Build.0 = Debug|Any CPU
		{F057710D-D24D-4FD5-A0ED-1BA13FB17DB4}.Debug|ARM.Deploy.0 = Debug|Any CPU
		{F057710D-D24D-4FD5-A0ED-1BA13FB17DB4}.Debug|iPhone.ActiveCfg = Debug|Any CPU
		{F057710D-D24D-4FD5-A0ED-1BA13FB17DB4}.Debug|iPhone.Build.0 = Debug|Any CPU
		{F057710D-D24D-4FD5-A0ED-1BA13FB17DB4}.Debug|iPhone.Deploy.0 = Debug|Any CPU
		{F057710D-D24D-4FD5-A0ED-1BA13FB17DB4}.Debug|iPhoneSimulator.ActiveCfg = Debug|Any CPU
		{F057710D-D24D-4FD5-A0ED-1BA13FB17DB4}.Debug|iPhoneSimulator.Build.0 = Debug|Any CPU
		{F057710D-D24D-4FD5-A0ED-1BA13FB17DB4}.Debug|iPhoneSimulator.Deploy.0 = Debug|Any CPU
		{F057710D-D24D-4FD5-A0ED-1BA13FB17DB4}.Debug|x64.ActiveCfg = Debug|Any CPU
		{F057710D-D24D-4FD5-A0ED-1BA13FB17DB4}.Debug|x64.Build.0 = Debug|Any CPU
		{F057710D-D24D-4FD5-A0ED-1BA13FB17DB4}.Debug|x64.Deploy.0 = Debug|Any CPU
		{F057710D-D24D-4FD5-A0ED-1BA13FB17DB4}.Debug|x86.ActiveCfg = Debug|Any CPU
		{F057710D-D24D-4FD5-A0ED-1BA13FB17DB4}.Debug|x86.Build.0 = Debug|Any CPU
		{F057710D-D24D-4FD5-A0ED-1BA13FB17DB4}.Debug|x86.Deploy.0 = Debug|Any CPU
		{F057710D-D24D-4FD5-A0ED-1BA13FB17DB4}.Release|Any CPU.ActiveCfg = Release|Any CPU
		{F057710D-D24D-4FD5-A0ED-1BA13FB17DB4}.Release|Any CPU.Build.0 = Release|Any CPU
		{F057710D-D24D-4FD5-A0ED-1BA13FB17DB4}.Release|Any CPU.Deploy.0 = Release|Any CPU
		{F057710D-D24D-4FD5-A0ED-1BA13FB17DB4}.Release|ARM.ActiveCfg = Release|Any CPU
		{F057710D-D24D-4FD5-A0ED-1BA13FB17DB4}.Release|ARM.Build.0 = Release|Any CPU
		{F057710D-D24D-4FD5-A0ED-1BA13FB17DB4}.Release|ARM.Deploy.0 = Release|Any CPU
		{F057710D-D24D-4FD5-A0ED-1BA13FB17DB4}.Release|iPhone.ActiveCfg = Release|Any CPU
		{F057710D-D24D-4FD5-A0ED-1BA13FB17DB4}.Release|iPhone.Build.0 = Release|Any CPU
		{F057710D-D24D-4FD5-A0ED-1BA13FB17DB4}.Release|iPhone.Deploy.0 = Release|Any CPU
		{F057710D-D24D-4FD5-A0ED-1BA13FB17DB4}.Release|iPhoneSimulator.ActiveCfg = Release|Any CPU
		{F057710D-D24D-4FD5-A0ED-1BA13FB17DB4}.Release|iPhoneSimulator.Build.0 = Release|Any CPU
		{F057710D-D24D-4FD5-A0ED-1BA13FB17DB4}.Release|iPhoneSimulator.Deploy.0 = Release|Any CPU
		{F057710D-D24D-4FD5-A0ED-1BA13FB17DB4}.Release|x64.ActiveCfg = Release|Any CPU
		{F057710D-D24D-4FD5-A0ED-1BA13FB17DB4}.Release|x64.Build.0 = Release|Any CPU
		{F057710D-D24D-4FD5-A0ED-1BA13FB17DB4}.Release|x64.Deploy.0 = Release|Any CPU
		{F057710D-D24D-4FD5-A0ED-1BA13FB17DB4}.Release|x86.ActiveCfg = Release|Any CPU
		{F057710D-D24D-4FD5-A0ED-1BA13FB17DB4}.Release|x86.Build.0 = Release|Any CPU
		{F057710D-D24D-4FD5-A0ED-1BA13FB17DB4}.Release|x86.Deploy.0 = Release|Any CPU
		{D0812409-A33A-4177-B65B-1AB536F63A55}.Debug|Any CPU.ActiveCfg = Debug|iPhone
		{D0812409-A33A-4177-B65B-1AB536F63A55}.Debug|Any CPU.Build.0 = Debug|iPhone
		{D0812409-A33A-4177-B65B-1AB536F63A55}.Debug|Any CPU.Deploy.0 = Debug|iPhone
		{D0812409-A33A-4177-B65B-1AB536F63A55}.Debug|ARM.ActiveCfg = Debug|iPhoneSimulator
		{D0812409-A33A-4177-B65B-1AB536F63A55}.Debug|ARM.Build.0 = Debug|iPhoneSimulator
		{D0812409-A33A-4177-B65B-1AB536F63A55}.Debug|ARM.Deploy.0 = Debug|iPhoneSimulator
		{D0812409-A33A-4177-B65B-1AB536F63A55}.Debug|iPhone.ActiveCfg = Debug|iPhone
		{D0812409-A33A-4177-B65B-1AB536F63A55}.Debug|iPhone.Build.0 = Debug|iPhone
		{D0812409-A33A-4177-B65B-1AB536F63A55}.Debug|iPhone.Deploy.0 = Debug|iPhone
		{D0812409-A33A-4177-B65B-1AB536F63A55}.Debug|iPhoneSimulator.ActiveCfg = Debug|iPhoneSimulator
		{D0812409-A33A-4177-B65B-1AB536F63A55}.Debug|iPhoneSimulator.Build.0 = Debug|iPhoneSimulator
		{D0812409-A33A-4177-B65B-1AB536F63A55}.Debug|iPhoneSimulator.Deploy.0 = Debug|iPhoneSimulator
		{D0812409-A33A-4177-B65B-1AB536F63A55}.Debug|x64.ActiveCfg = Debug|iPhone
		{D0812409-A33A-4177-B65B-1AB536F63A55}.Debug|x64.Build.0 = Debug|iPhone
		{D0812409-A33A-4177-B65B-1AB536F63A55}.Debug|x64.Deploy.0 = Debug|iPhone
		{D0812409-A33A-4177-B65B-1AB536F63A55}.Debug|x86.ActiveCfg = Debug|iPhone
		{D0812409-A33A-4177-B65B-1AB536F63A55}.Debug|x86.Build.0 = Debug|iPhone
		{D0812409-A33A-4177-B65B-1AB536F63A55}.Debug|x86.Deploy.0 = Debug|iPhone
		{D0812409-A33A-4177-B65B-1AB536F63A55}.Release|Any CPU.ActiveCfg = Release|iPhone
		{D0812409-A33A-4177-B65B-1AB536F63A55}.Release|Any CPU.Build.0 = Release|iPhone
		{D0812409-A33A-4177-B65B-1AB536F63A55}.Release|Any CPU.Deploy.0 = Release|iPhone
		{D0812409-A33A-4177-B65B-1AB536F63A55}.Release|ARM.ActiveCfg = Release|iPhone
		{D0812409-A33A-4177-B65B-1AB536F63A55}.Release|ARM.Build.0 = Release|iPhone
		{D0812409-A33A-4177-B65B-1AB536F63A55}.Release|ARM.Deploy.0 = Release|iPhone
		{D0812409-A33A-4177-B65B-1AB536F63A55}.Release|iPhone.ActiveCfg = Release|iPhone
		{D0812409-A33A-4177-B65B-1AB536F63A55}.Release|iPhone.Build.0 = Release|iPhone
		{D0812409-A33A-4177-B65B-1AB536F63A55}.Release|iPhone.Deploy.0 = Release|iPhone
		{D0812409-A33A-4177-B65B-1AB536F63A55}.Release|iPhoneSimulator.ActiveCfg = Release|iPhoneSimulator
		{D0812409-A33A-4177-B65B-1AB536F63A55}.Release|iPhoneSimulator.Build.0 = Release|iPhoneSimulator
		{D0812409-A33A-4177-B65B-1AB536F63A55}.Release|iPhoneSimulator.Deploy.0 = Release|iPhoneSimulator
		{D0812409-A33A-4177-B65B-1AB536F63A55}.Release|x64.ActiveCfg = Release|iPhone
		{D0812409-A33A-4177-B65B-1AB536F63A55}.Release|x64.Build.0 = Release|iPhone
		{D0812409-A33A-4177-B65B-1AB536F63A55}.Release|x64.Deploy.0 = Release|iPhone
		{D0812409-A33A-4177-B65B-1AB536F63A55}.Release|x86.ActiveCfg = Release|iPhone
		{D0812409-A33A-4177-B65B-1AB536F63A55}.Release|x86.Build.0 = Release|iPhone
		{D0812409-A33A-4177-B65B-1AB536F63A55}.Release|x86.Deploy.0 = Release|iPhone
		{432E8CFB-09B3-4352-986E-FA21CE7B47B2}.Debug|Any CPU.ActiveCfg = Debug|Any CPU
		{432E8CFB-09B3-4352-986E-FA21CE7B47B2}.Debug|Any CPU.Build.0 = Debug|Any CPU
		{432E8CFB-09B3-4352-986E-FA21CE7B47B2}.Debug|Any CPU.Deploy.0 = Debug|Any CPU
		{432E8CFB-09B3-4352-986E-FA21CE7B47B2}.Debug|ARM.ActiveCfg = Debug|Any CPU
		{432E8CFB-09B3-4352-986E-FA21CE7B47B2}.Debug|ARM.Build.0 = Debug|Any CPU
		{432E8CFB-09B3-4352-986E-FA21CE7B47B2}.Debug|ARM.Deploy.0 = Debug|Any CPU
		{432E8CFB-09B3-4352-986E-FA21CE7B47B2}.Debug|iPhone.ActiveCfg = Debug|Any CPU
		{432E8CFB-09B3-4352-986E-FA21CE7B47B2}.Debug|iPhone.Build.0 = Debug|Any CPU
		{432E8CFB-09B3-4352-986E-FA21CE7B47B2}.Debug|iPhone.Deploy.0 = Debug|Any CPU
		{432E8CFB-09B3-4352-986E-FA21CE7B47B2}.Debug|iPhoneSimulator.ActiveCfg = Debug|Any CPU
		{432E8CFB-09B3-4352-986E-FA21CE7B47B2}.Debug|iPhoneSimulator.Build.0 = Debug|Any CPU
		{432E8CFB-09B3-4352-986E-FA21CE7B47B2}.Debug|iPhoneSimulator.Deploy.0 = Debug|Any CPU
		{432E8CFB-09B3-4352-986E-FA21CE7B47B2}.Debug|x64.ActiveCfg = Debug|Any CPU
		{432E8CFB-09B3-4352-986E-FA21CE7B47B2}.Debug|x64.Build.0 = Debug|Any CPU
		{432E8CFB-09B3-4352-986E-FA21CE7B47B2}.Debug|x64.Deploy.0 = Debug|Any CPU
		{432E8CFB-09B3-4352-986E-FA21CE7B47B2}.Debug|x86.ActiveCfg = Debug|Any CPU
		{432E8CFB-09B3-4352-986E-FA21CE7B47B2}.Debug|x86.Build.0 = Debug|Any CPU
		{432E8CFB-09B3-4352-986E-FA21CE7B47B2}.Debug|x86.Deploy.0 = Debug|Any CPU
		{432E8CFB-09B3-4352-986E-FA21CE7B47B2}.Release|Any CPU.ActiveCfg = Release|Any CPU
		{432E8CFB-09B3-4352-986E-FA21CE7B47B2}.Release|Any CPU.Build.0 = Release|Any CPU
		{432E8CFB-09B3-4352-986E-FA21CE7B47B2}.Release|Any CPU.Deploy.0 = Release|Any CPU
		{432E8CFB-09B3-4352-986E-FA21CE7B47B2}.Release|ARM.ActiveCfg = Release|Any CPU
		{432E8CFB-09B3-4352-986E-FA21CE7B47B2}.Release|ARM.Build.0 = Release|Any CPU
		{432E8CFB-09B3-4352-986E-FA21CE7B47B2}.Release|ARM.Deploy.0 = Release|Any CPU
		{432E8CFB-09B3-4352-986E-FA21CE7B47B2}.Release|iPhone.ActiveCfg = Release|Any CPU
		{432E8CFB-09B3-4352-986E-FA21CE7B47B2}.Release|iPhone.Build.0 = Release|Any CPU
		{432E8CFB-09B3-4352-986E-FA21CE7B47B2}.Release|iPhone.Deploy.0 = Release|Any CPU
		{432E8CFB-09B3-4352-986E-FA21CE7B47B2}.Release|iPhoneSimulator.ActiveCfg = Release|Any CPU
		{432E8CFB-09B3-4352-986E-FA21CE7B47B2}.Release|iPhoneSimulator.Build.0 = Release|Any CPU
		{432E8CFB-09B3-4352-986E-FA21CE7B47B2}.Release|iPhoneSimulator.Deploy.0 = Release|Any CPU
		{432E8CFB-09B3-4352-986E-FA21CE7B47B2}.Release|x64.ActiveCfg = Release|Any CPU
		{432E8CFB-09B3-4352-986E-FA21CE7B47B2}.Release|x64.Build.0 = Release|Any CPU
		{432E8CFB-09B3-4352-986E-FA21CE7B47B2}.Release|x64.Deploy.0 = Release|Any CPU
		{432E8CFB-09B3-4352-986E-FA21CE7B47B2}.Release|x86.ActiveCfg = Release|Any CPU
		{432E8CFB-09B3-4352-986E-FA21CE7B47B2}.Release|x86.Build.0 = Release|Any CPU
		{432E8CFB-09B3-4352-986E-FA21CE7B47B2}.Release|x86.Deploy.0 = Release|Any CPU
		{BF09FFD1-4DC6-49F2-8E8E-27C76A1FC19C}.Debug|Any CPU.ActiveCfg = Debug|Any CPU
		{BF09FFD1-4DC6-49F2-8E8E-27C76A1FC19C}.Debug|Any CPU.Build.0 = Debug|Any CPU
		{BF09FFD1-4DC6-49F2-8E8E-27C76A1FC19C}.Debug|ARM.ActiveCfg = Debug|Any CPU
		{BF09FFD1-4DC6-49F2-8E8E-27C76A1FC19C}.Debug|ARM.Build.0 = Debug|Any CPU
		{BF09FFD1-4DC6-49F2-8E8E-27C76A1FC19C}.Debug|iPhone.ActiveCfg = Debug|Any CPU
		{BF09FFD1-4DC6-49F2-8E8E-27C76A1FC19C}.Debug|iPhone.Build.0 = Debug|Any CPU
		{BF09FFD1-4DC6-49F2-8E8E-27C76A1FC19C}.Debug|iPhoneSimulator.ActiveCfg = Debug|Any CPU
		{BF09FFD1-4DC6-49F2-8E8E-27C76A1FC19C}.Debug|iPhoneSimulator.Build.0 = Debug|Any CPU
		{BF09FFD1-4DC6-49F2-8E8E-27C76A1FC19C}.Debug|x64.ActiveCfg = Debug|Any CPU
		{BF09FFD1-4DC6-49F2-8E8E-27C76A1FC19C}.Debug|x64.Build.0 = Debug|Any CPU
		{BF09FFD1-4DC6-49F2-8E8E-27C76A1FC19C}.Debug|x86.ActiveCfg = Debug|Any CPU
		{BF09FFD1-4DC6-49F2-8E8E-27C76A1FC19C}.Debug|x86.Build.0 = Debug|Any CPU
		{BF09FFD1-4DC6-49F2-8E8E-27C76A1FC19C}.Release|Any CPU.ActiveCfg = Release|Any CPU
		{BF09FFD1-4DC6-49F2-8E8E-27C76A1FC19C}.Release|Any CPU.Build.0 = Release|Any CPU
		{BF09FFD1-4DC6-49F2-8E8E-27C76A1FC19C}.Release|ARM.ActiveCfg = Release|Any CPU
		{BF09FFD1-4DC6-49F2-8E8E-27C76A1FC19C}.Release|ARM.Build.0 = Release|Any CPU
		{BF09FFD1-4DC6-49F2-8E8E-27C76A1FC19C}.Release|iPhone.ActiveCfg = Release|Any CPU
		{BF09FFD1-4DC6-49F2-8E8E-27C76A1FC19C}.Release|iPhone.Build.0 = Release|Any CPU
		{BF09FFD1-4DC6-49F2-8E8E-27C76A1FC19C}.Release|iPhoneSimulator.ActiveCfg = Release|Any CPU
		{BF09FFD1-4DC6-49F2-8E8E-27C76A1FC19C}.Release|iPhoneSimulator.Build.0 = Release|Any CPU
		{BF09FFD1-4DC6-49F2-8E8E-27C76A1FC19C}.Release|x64.ActiveCfg = Release|Any CPU
		{BF09FFD1-4DC6-49F2-8E8E-27C76A1FC19C}.Release|x64.Build.0 = Release|Any CPU
		{BF09FFD1-4DC6-49F2-8E8E-27C76A1FC19C}.Release|x86.ActiveCfg = Release|Any CPU
		{BF09FFD1-4DC6-49F2-8E8E-27C76A1FC19C}.Release|x86.Build.0 = Release|Any CPU
	EndGlobalSection
	GlobalSection(SolutionProperties) = preSolution
		HideSolutionNode = FALSE
	EndGlobalSection
	GlobalSection(ExtensibilityGlobals) = postSolution
		SolutionGuid = {DFDEA882-1804-404E-9361-CE7C5FA943C7}
	EndGlobalSection
EndGlobal
